<?xml version="1.0" encoding="utf-8"?>
<Project xmlns="http://schemas.microsoft.com/developer/msbuild/2003">
  <ItemGroup>
    <Filter Include="Generated Files">
      <UniqueIdentifier>{71ED8ED8-ACB9-4CE9-BBE1-E00B30144E11}</UniqueIdentifier>
      <Extensions>cpp;c;cxx;moc;h;def;odl;idl;res;</Extensions>
    </Filter>
    <Filter Include="Generated Files">
      <UniqueIdentifier>{71ED8ED8-ACB9-4CE9-BBE1-E00B30144E11}</UniqueIdentifier>
      <Extensions>cpp;c;cxx;moc;h;def;odl;idl;res;</Extensions>
    </Filter>
    <Filter Include="Source Files">
      <UniqueIdentifier>{4FC737F1-C7A5-4376-A066-2A32D752A2FF}</UniqueIdentifier>
      <Extensions>cpp;c;cxx;def;odl;idl;hpj;bat;asm;asmx</Extensions>
    </Filter>
    <Filter Include="Source Files">
      <UniqueIdentifier>{4FC737F1-C7A5-4376-A066-2A32D752A2FF}</UniqueIdentifier>
      <Extensions>cpp;c;cxx;def;odl;idl;hpj;bat;asm;asmx</Extensions>
    </Filter>
  </ItemGroup>
  <ItemGroup>
    <ClCompile Include="main.cpp">
      <Filter>Source Files</Filter>
    </ClCompile>
    <ClCompile Include="rayTracer\Detector.cpp">
      <Filter>Generated Files</Filter>
    </ClCompile>
    <ClCompile Include="rayTracer\Lens.cpp">
      <Filter>Generated Files</Filter>
    </ClCompile>
    <ClCompile Include="rayTracer\RayEngine.cpp">
      <Filter>Generated Files</Filter>
    </ClCompile>
    <ClCompile Include="rayTracer\Sample.cpp">
      <Filter>Generated Files</Filter>
    </ClCompile>
    <ClCompile Include="src\gui\Classes3D\Base3D.cpp">
      <Filter>Generated Files</Filter>
    </ClCompile>
    <ClCompile Include="src\gui\Classes3D\Detector3D.cpp">
      <Filter>Generated Files</Filter>
    </ClCompile>
    <ClCompile Include="src\gui\Classes3D\Lens3D.cpp">
      <Filter>Generated Files</Filter>
    </ClCompile>
    <ClCompile Include="src\gui\Classes3D\Line3D.cpp">
      <Filter>Generated Files</Filter>
    </ClCompile>
    <ClCompile Include="src\gui\Classes3D\Sample3D.cpp">
      <Filter>Generated Files</Filter>
    </ClCompile>
    <ClCompile Include="src\gui\Classes3D\Source3D.cpp">
      <Filter>Generated Files</Filter>
    </ClCompile>
    <ClCompile Include="src\gui\ClassesGui\GuiWindow.cpp">
      <Filter>Generated Files</Filter>
    </ClCompile>
    <ClCompile Include="src\gui\ClassesGui\LensEditor.cpp">
      <Filter>Generated Files</Filter>
    </ClCompile>
    <ClCompile Include="src\gui\ClassesGui\MiscEditor.cpp">
      <Filter>Generated Files</Filter>
    </ClCompile>
    <ClCompile Include="src\gui\ClassesGui\SceneViewer.cpp">
      <Filter>Generated Files</Filter>
    </ClCompile>
    <ClCompile Include="src\gui\ClassesGui\ShapeViewer.cpp">
      <Filter>Generated Files</Filter>
    </ClCompile>
    <ClCompile Include="src\gui\ClassesGui\SurfaceInfoPanel.cpp">
      <Filter>Generated Files</Filter>
    </ClCompile>
    <ClCompile Include="src\gui\commonGui\Scene.cpp">
      <Filter>Generated Files</Filter>
    </ClCompile>
    <ClCompile Include="src\gui\ClassesGui\LensSelector.cpp">
      <Filter>Generated Files</Filter>
    </ClCompile>
    <ClCompile Include="src\gui\ClassesGui\LensSelectorItem.cpp">
      <Filter>Generated Files</Filter>
    </ClCompile>
    <ClCompile Include="src\gui\Classes3D\RayCluster3D.cpp">
      <Filter>Generated Files</Filter>
    </ClCompile>
    <ClCompile Include="src\gui\Classes3D\Ray3D.cpp">
      <Filter>Generated Files</Filter>
    </ClCompile>
  </ItemGroup>
  <ItemGroup>
    <CustomBuild Include="debug\moc_predefs.h.cbt">
      <Filter>Generated Files</Filter>
    </CustomBuild>
    <CustomBuild Include="release\moc_predefs.h.cbt">
      <Filter>Generated Files</Filter>
    </CustomBuild>
  </ItemGroup>
  <ItemGroup>
    <ClInclude Include="rayTracer\AxisObject.h">
      <Filter>Generated Files</Filter>
    </ClInclude>
    <ClInclude Include="rayTracer\Detector.h">
      <Filter>Generated Files</Filter>
    </ClInclude>
    <ClInclude Include="rayTracer\Lens.h">
      <Filter>Generated Files</Filter>
    </ClInclude>
    <ClInclude Include="rayTracer\Point.h">
      <Filter>Generated Files</Filter>
    </ClInclude>
    <ClInclude Include="rayTracer\Ray.h">
      <Filter>Generated Files</Filter>
    </ClInclude>
    <ClInclude Include="rayTracer\RayEngine.h">
      <Filter>Generated Files</Filter>
    </ClInclude>
    <ClInclude Include="rayTracer\Sample.h">
      <Filter>Generated Files</Filter>
    </ClInclude>
    <ClInclude Include="src\common\macros.h">
      <Filter>Generated Files</Filter>
    </ClInclude>
    <ClInclude Include="src\gui\Classes3D\Base3D.h">
      <Filter>Generated Files</Filter>
    </ClInclude>
    <ClInclude Include="src\gui\Classes3D\Detector3D.h">
      <Filter>Generated Files</Filter>
    </ClInclude>
    <ClInclude Include="src\gui\Classes3D\Lens3D.h">
      <Filter>Generated Files</Filter>
    </ClInclude>
    <ClInclude Include="src\gui\Classes3D\Line3D.h">
      <Filter>Generated Files</Filter>
    </ClInclude>
    <ClInclude Include="src\gui\Classes3D\Sample3D.h">
      <Filter>Generated Files</Filter>
    </ClInclude>
    <ClInclude Include="src\gui\Classes3D\Source3D.h">
      <Filter>Generated Files</Filter>
    </ClInclude>
    <ClInclude Include="src\gui\ClassesGui\SurfaceInfoPanel.h">
      <Filter>Generated Files</Filter>
    </ClInclude>
    <ClInclude Include="src\gui\commonGui\Scene.h">
      <Filter>Generated Files</Filter>
    </ClInclude>
    <ClInclude Include="src\gui\ClassesGui\LensSelectorItem.h">
      <Filter>Generated Files</Filter>
    </ClInclude>
    <ClInclude Include="src\gui\Classes3D\RayCluster3D.h">
      <Filter>Generated Files</Filter>
    </ClInclude>
    <ClInclude Include="src\gui\Classes3D\Ray3D.h">
      <Filter>Generated Files</Filter>
    </ClInclude>
  </ItemGroup>
  <ItemGroup>
    <QtMoc Include="src\gui\ClassesGui\GuiWindow.h">
      <Filter>Generated Files</Filter>
    </QtMoc>
    <QtMoc Include="src\gui\ClassesGui\LensEditor.h">
      <Filter>Generated Files</Filter>
    </QtMoc>
    <QtMoc Include="src\gui\ClassesGui\MiscEditor.h">
      <Filter>Generated Files</Filter>
    </QtMoc>
    <QtMoc Include="src\gui\ClassesGui\SceneViewer.h">
      <Filter>Generated Files</Filter>
    </QtMoc>
    <QtMoc Include="src\gui\ClassesGui\ShapeViewer.h">
      <Filter>Generated Files</Filter>
    </QtMoc>
    <QtMoc Include="src\gui\ClassesGui\LensSelector.h">
      <Filter>Generated Files</Filter>
    </QtMoc>
  </ItemGroup>
</Project>