
Microsoft Visual Studio Solution File, Format Version 12.00
# Visual Studio Version 16
VisualStudioVersion = 16.0.31019.35
MinimumVisualStudioVersion = 10.0.40219.1
Project("{8BC9CEB8-8B4A-11D0-8D11-00A0C91BC942}") = "ICP_project_v3", "ICP_project_v3.vcxproj", "{AF4C8427-89F6-3C20-BD4B-6FBE329D8308}"
EndProject
Global
	GlobalSection(SolutionConfigurationPlatforms) = preSolution
		Debug|x64 = Debug|x64
		Debug|x86 = Debug|x86
		Release|x64 = Release|x64
		Release|x86 = Release|x86
	EndGlobalSection
	GlobalSection(ProjectConfigurationPlatforms) = postSolution
		{AF4C8427-89F6-3C20-BD4B-6FBE329D8308}.Debug|x64.ActiveCfg = Debug|x64
		{AF4C8427-89F6-3C20-BD4B-6FBE329D8308}.Debug|x64.Build.0 = Debug|x64
		{AF4C8427-89F6-3C20-BD4B-6FBE329D8308}.Debug|x86.ActiveCfg = Debug|x64
		{AF4C8427-89F6-3C20-BD4B-6FBE329D8308}.Release|x64.ActiveCfg = Release|x64
		{AF4C8427-89F6-3C20-BD4B-6FBE329D8308}.Release|x64.Build.0 = Release|x64
		{AF4C8427-89F6-3C20-BD4B-6FBE329D8308}.Release|x86.ActiveCfg = Release|x64
	EndGlobalSection
	GlobalSection(SolutionProperties) = preSolution
		HideSolutionNode = FALSE
	EndGlobalSection
	GlobalSection(ExtensibilityGlobals) = postSolution
		SolutionGuid = {174CF0CA-3337-477C-892D-A7271E51CA27}
	EndGlobalSection
EndGlobal
